# This file is automatically @generated by Cargo.
# It is not intended for manual editing.
version = 4

[[package]]
name = "wasmicon-core"
version = "0.1.0"

[[package]]
name = "wasmicon-gen"
version = "0.1.0"

[[package]]
name = "wasmicon-host"
version = "0.1.0"
dependencies = [
 "wasmicon-core",
]
